// !$*UTF8*$!
{
	archiveVersion = 1;
	classes = {
	};
	objectVersion = 51;
	objects = {

/* Begin PBXBuildFile section */
		2A545AC429294EE37EBBA981 /* Pods_PodSample.framework in Frameworks */ = {isa = PBXBuildFile; fileRef = B4F89BA1E30A1CFD74215193 /* Pods_PodSample.framework */; };
		41D2F2E427079C7900C84EE2 /* PodSampleApp.swift in Sources */ = {isa = PBXBuildFile; fileRef = 41D2F2E327079C7900C84EE2 /* PodSampleApp.swift */; };
		41D2F2E627079C7900C84EE2 /* ContentView.swift in Sources */ = {isa = PBXBuildFile; fileRef = 41D2F2E527079C7900C84EE2 /* ContentView.swift */; };
		41D2F2E827079C7B00C84EE2 /* Assets.xcassets in Resources */ = {isa = PBXBuildFile; fileRef = 41D2F2E727079C7B00C84EE2 /* Assets.xcassets */; };
		41D2F2EB27079C7B00C84EE2 /* Preview Assets.xcassets in Resources */ = {isa = PBXBuildFile; fileRef = 41D2F2EA27079C7B00C84EE2 /* Preview Assets.xcassets */; };
/* End PBXBuildFile section */

/* Begin PBXFileReference section */
		1D69759A17C5FA40ECBFFE21 /* Pods-PodSample.release.xcconfig */ = {isa = PBXFileReference; includeInIndex = 1; lastKnownFileType = text.xcconfig; name = "Pods-PodSample.release.xcconfig"; path = "Target Support Files/Pods-PodSample/Pods-PodSample.release.xcconfig"; sourceTree = "<group>"; };
		41D2F2E027079C7900C84EE2 /* PodSample.app */ = {isa = PBXFileReference; explicitFileType = wrapper.application; includeInIndex = 0; path = PodSample.app; sourceTree = BUILT_PRODUCTS_DIR; };
		41D2F2E327079C7900C84EE2 /* PodSampleApp.swift */ = {isa = PBXFileReference; lastKnownFileType = sourcecode.swift; path = PodSampleApp.swift; sourceTree = "<group>"; };
		41D2F2E527079C7900C84EE2 /* ContentView.swift */ = {isa = PBXFileReference; lastKnownFileType = sourcecode.swift; path = ContentView.swift; sourceTree = "<group>"; };
		41D2F2E727079C7B00C84EE2 /* Assets.xcassets */ = {isa = PBXFileReference; lastKnownFileType = folder.assetcatalog; path = Assets.xcassets; sourceTree = "<group>"; };
		41D2F2EA27079C7B00C84EE2 /* Preview Assets.xcassets */ = {isa = PBXFileReference; lastKnownFileType = folder.assetcatalog; path = "Preview Assets.xcassets"; sourceTree = "<group>"; };
		41D2F2EC27079C7B00C84EE2 /* Info.plist */ = {isa = PBXFileReference; lastKnownFileType = text.plist.xml; path = Info.plist; sourceTree = "<group>"; };
		AA0C1FF154A7580A956802B1 /* Pods-PodSample.debug.xcconfig */ = {isa = PBXFileReference; includeInIndex = 1; lastKnownFileType = text.xcconfig; name = "Pods-PodSample.debug.xcconfig"; path = "Target Support Files/Pods-PodSample/Pods-PodSample.debug.xcconfig"; sourceTree = "<group>"; };
		B4F89BA1E30A1CFD74215193 /* Pods_PodSample.framework */ = {isa = PBXFileReference; explicitFileType = wrapper.framework; includeInIndex = 0; path = Pods_PodSample.framework; sourceTree = BUILT_PRODUCTS_DIR; };
/* End PBXFileReference section */

/* Begin PBXFrameworksBuildPhase section */
		41D2F2DD27079C7900C84EE2 /* Frameworks */ = {
			isa = PBXFrameworksBuildPhase;
			buildActionMask = 2147483647;
			files = (
				2A545AC429294EE37EBBA981 /* Pods_PodSample.framework in Frameworks */,
			);
			runOnlyForDeploymentPostprocessing = 0;
		};
/* End PBXFrameworksBuildPhase section */

/* Begin PBXGroup section */
		1BEE00394998E11ABC226541 /* Pods */ = {
			isa = PBXGroup;
			children = (
				AA0C1FF154A7580A956802B1 /* Pods-PodSample.debug.xcconfig */,
				1D69759A17C5FA40ECBFFE21 /* Pods-PodSample.release.xcconfig */,
			);
			path = Pods;
			sourceTree = "<group>";
		};
		41D2F2D727079C7900C84EE2 = {
			isa = PBXGroup;
			children = (
				41D2F2E227079C7900C84EE2 /* PodSample */,
				41D2F2E127079C7900C84EE2 /* Products */,
				1BEE00394998E11ABC226541 /* Pods */,
				C515E16C13F2FB0177E9AE3F /* Frameworks */,
			);
			sourceTree = "<group>";
		};
		41D2F2E127079C7900C84EE2 /* Products */ = {
			isa = PBXGroup;
			children = (
				41D2F2E027079C7900C84EE2 /* PodSample.app */,
			);
			name = Products;
			sourceTree = "<group>";
		};
		41D2F2E227079C7900C84EE2 /* PodSample */ = {
			isa = PBXGroup;
			children = (
				41D2F2E327079C7900C84EE2 /* PodSampleApp.swift */,
				41D2F2E527079C7900C84EE2 /* ContentView.swift */,
				41D2F2E727079C7B00C84EE2 /* Assets.xcassets */,
				41D2F2EC27079C7B00C84EE2 /* Info.plist */,
				41D2F2E927079C7B00C84EE2 /* Preview Content */,
			);
			path = PodSample;
			sourceTree = "<group>";
		};
		41D2F2E927079C7B00C84EE2 /* Preview Content */ = {
			isa = PBXGroup;
			children = (
				41D2F2EA27079C7B00C84EE2 /* Preview Assets.xcassets */,
			);
			path = "Preview Content";
			sourceTree = "<group>";
		};
		C515E16C13F2FB0177E9AE3F /* Frameworks */ = {
			isa = PBXGroup;
			children = (
				B4F89BA1E30A1CFD74215193 /* Pods_PodSample.framework */,
			);
			name = Frameworks;
			sourceTree = "<group>";
		};
/* End PBXGroup section */

/* Begin PBXNativeTarget section */
		41D2F2DF27079C7900C84EE2 /* PodSample */ = {
			isa = PBXNativeTarget;
			buildConfigurationList = 41D2F2EF27079C7B00C84EE2 /* Build configuration list for PBXNativeTarget "PodSample" */;
			buildPhases = (
				5F4B62B9FB0D9FD9FB31822E /* [CP] Check Pods Manifest.lock */,
				41D2F2DC27079C7900C84EE2 /* Sources */,
				41D2F2DD27079C7900C84EE2 /* Frameworks */,
				41D2F2DE27079C7900C84EE2 /* Resources */,
				0207176A893D3C8D68E0E53D /* [CP] Embed Pods Frameworks */,
			);
			buildRules = (
			);
			dependencies = (
			);
			name = PodSample;
			productName = PodSample;
			productReference = 41D2F2E027079C7900C84EE2 /* PodSample.app */;
			productType = "com.apple.product-type.application";
		};
/* End PBXNativeTarget section */

/* Begin PBXProject section */
		41D2F2D827079C7900C84EE2 /* Project object */ = {
			isa = PBXProject;
			attributes = {
				LastSwiftUpdateCheck = 1250;
				LastUpgradeCheck = 1250;
				TargetAttributes = {
					41D2F2DF27079C7900C84EE2 = {
						CreatedOnToolsVersion = 12.5.1;
					};
				};
			};
			buildConfigurationList = 41D2F2DB27079C7900C84EE2 /* Build configuration list for PBXProject "PodSample" */;
			compatibilityVersion = "Xcode 9.3";
			developmentRegion = en;
			hasScannedForEncodings = 0;
			knownRegions = (
				en,
				Base,
			);
			mainGroup = 41D2F2D727079C7900C84EE2;
			productRefGroup = 41D2F2E127079C7900C84EE2 /* Products */;
			projectDirPath = "";
			projectRoot = "";
			targets = (
				41D2F2DF27079C7900C84EE2 /* PodSample */,
			);
		};
/* End PBXProject section */

/* Begin PBXResourcesBuildPhase section */
		41D2F2DE27079C7900C84EE2 /* Resources */ = {
			isa = PBXResourcesBuildPhase;
			buildActionMask = 2147483647;
			files = (
				41D2F2EB27079C7B00C84EE2 /* Preview Assets.xcassets in Resources */,
				41D2F2E827079C7B00C84EE2 /* Assets.xcassets in Resources */,
			);
			runOnlyForDeploymentPostprocessing = 0;
		};
/* End PBXResourcesBuildPhase section */

/* Begin PBXShellScriptBuildPhase section */
		0207176A893D3C8D68E0E53D /* [CP] Embed Pods Frameworks */ = {
			isa = PBXShellScriptBuildPhase;
			buildActionMask = 2147483647;
			files = (
			);
			inputFileListPaths = (
				"${PODS_ROOT}/Target Support Files/Pods-PodSample/Pods-PodSample-frameworks-${CONFIGURATION}-input-files.xcfilelist",
			);
			name = "[CP] Embed Pods Frameworks";
			outputFileListPaths = (
				"${PODS_ROOT}/Target Support Files/Pods-PodSample/Pods-PodSample-frameworks-${CONFIGURATION}-output-files.xcfilelist",
			);
			runOnlyForDeploymentPostprocessing = 0;
			shellPath = /bin/sh;
			shellScript = "\"${PODS_ROOT}/Target Support Files/Pods-PodSample/Pods-PodSample-frameworks.sh\"\n";
			showEnvVarsInLog = 0;
		};
		5F4B62B9FB0D9FD9FB31822E /* [CP] Check Pods Manifest.lock */ = {
			isa = PBXShellScriptBuildPhase;
			buildActionMask = 2147483647;
			files = (
			);
			inputFileListPaths = (
			);
			inputPaths = (
				"${PODS_PODFILE_DIR_PATH}/Podfile.lock",
				"${PODS_ROOT}/Manifest.lock",
			);
			name = "[CP] Check Pods Manifest.lock";
			outputFileListPaths = (
			);
			outputPaths = (
				"$(DERIVED_FILE_DIR)/Pods-PodSample-checkManifestLockResult.txt",
			);
			runOnlyForDeploymentPostprocessing = 0;
			shellPath = /bin/sh;
			shellScript = "diff \"${PODS_PODFILE_DIR_PATH}/Podfile.lock\" \"${PODS_ROOT}/Manifest.lock\" > /dev/null\nif [ $? != 0 ] ; then\n    # print error to STDERR\n    echo \"error: The sandbox is not in sync with the Podfile.lock. Run 'pod install' or update your CocoaPods installation.\" >&2\n    exit 1\nfi\n# This output is used by Xcode 'outputs' to avoid re-running this script phase.\necho \"SUCCESS\" > \"${SCRIPT_OUTPUT_FILE_0}\"\n";
			showEnvVarsInLog = 0;
		};
/* End PBXShellScriptBuildPhase section */

/* Begin PBXSourcesBuildPhase section */
		41D2F2DC27079C7900C84EE2 /* Sources */ = {
			isa = PBXSourcesBuildPhase;
			buildActionMask = 2147483647;
			files = (
				41D2F2E627079C7900C84EE2 /* ContentView.swift in Sources */,
				41D2F2E427079C7900C84EE2 /* PodSampleApp.swift in Sources */,
			);
			runOnlyForDeploymentPostprocessing = 0;
		};
/* End PBXSourcesBuildPhase section */

/* Begin XCBuildConfiguration section */
		41D2F2ED27079C7B00C84EE2 /* Debug */ = {
			isa = XCBuildConfiguration;
			buildSettings = {
				ALWAYS_SEARCH_USER_PATHS = NO;
				CLANG_ANALYZER_NONNULL = YES;
				CLANG_ANALYZER_NUMBER_OBJECT_CONVERSION = YES_AGGRESSIVE;
				CLANG_CXX_LANGUAGE_STANDARD = "gnu++14";
				CLANG_CXX_LIBRARY = "libc++";
				CLANG_ENABLE_MODULES = YES;
				CLANG_ENABLE_OBJC_ARC = YES;
				CLANG_ENABLE_OBJC_WEAK = YES;
				CLANG_WARN_BLOCK_CAPTURE_AUTORELEASING = YES;
				CLANG_WARN_BOOL_CONVERSION = YES;
				CLANG_WARN_COMMA = YES;
				CLANG_WARN_CONSTANT_CONVERSION = YES;
				CLANG_WARN_DEPRECATED_OBJC_IMPLEMENTATIONS = YES;
				CLANG_WARN_DIRECT_OBJC_ISA_USAGE = YES_ERROR;
				CLANG_WARN_DOCUMENTATION_COMMENTS = YES;
				CLANG_WARN_EMPTY_BODY = YES;
				CLANG_WARN_ENUM_CONVERSION = YES;
				CLANG_WARN_INFINITE_RECURSION = YES;
				CLANG_WARN_INT_CONVERSION = YES;
				CLANG_WARN_NON_LITERAL_NULL_CONVERSION = YES;
				CLANG_WARN_OBJC_IMPLICIT_RETAIN_SELF = YES;
				CLANG_WARN_OBJC_LITERAL_CONVERSION = YES;
				CLANG_WARN_OBJC_ROOT_CLASS = YES_ERROR;
				CLANG_WARN_QUOTED_INCLUDE_IN_FRAMEWORK_HEADER = YES;
				CLANG_WARN_RANGE_LOOP_ANALYSIS = YES;
				CLANG_WARN_STRICT_PROTOTYPES = YES;
				CLANG_WARN_SUSPICIOUS_MOVE = YES;
				CLANG_WARN_UNGUARDED_AVAILABILITY = YES_AGGRESSIVE;
				CLANG_WARN_UNREACHABLE_CODE = YES;
				CLANG_WARN__DUPLICATE_METHOD_MATCH = YES;
				COPY_PHASE_STRIP = NO;
				DEBUG_INFORMATION_FORMAT = dwarf;
				ENABLE_STRICT_OBJC_MSGSEND = YES;
				ENABLE_TESTABILITY = YES;
				GCC_C_LANGUAGE_STANDARD = gnu11;
				GCC_DYNAMIC_NO_PIC = NO;
				GCC_NO_COMMON_BLOCKS = YES;
				GCC_OPTIMIZATION_LEVEL = 0;
				GCC_PREPROCESSOR_DEFINITIONS = (
					"DEBUG=1",
					"$(inherited)",
				);
				GCC_WARN_64_TO_32_BIT_CONVERSION = YES;
				GCC_WARN_ABOUT_RETURN_TYPE = YES_ERROR;
				GCC_WARN_UNDECLARED_SELECTOR = YES;
				GCC_WARN_UNINITIALIZED_AUTOS = YES_AGGRESSIVE;
				GCC_WARN_UNUSED_FUNCTION = YES;
				GCC_WARN_UNUSED_VARIABLE = YES;
				IPHONEOS_DEPLOYMENT_TARGET = 14.5;
				MTL_ENABLE_DEBUG_INFO = INCLUDE_SOURCE;
				MTL_FAST_MATH = YES;
				ONLY_ACTIVE_ARCH = YES;
				SDKROOT = iphoneos;
				SWIFT_ACTIVE_COMPILATION_CONDITIONS = DEBUG;
				SWIFT_OPTIMIZATION_LEVEL = "-Onone";
			};
			name = Debug;
		};
		41D2F2EE27079C7B00C84EE2 /* Release */ = {
			isa = XCBuildConfiguration;
			buildSettings = {
				ALWAYS_SEARCH_USER_PATHS = NO;
				CLANG_ANALYZER_NONNULL = YES;
				CLANG_ANALYZER_NUMBER_OBJECT_CONVERSION = YES_AGGRESSIVE;
				CLANG_CXX_LANGUAGE_STANDARD = "gnu++14";
				CLANG_CXX_LIBRARY = "libc++";
				CLANG_ENABLE_MODULES = YES;
				CLANG_ENABLE_OBJC_ARC = YES;
				CLANG_ENABLE_OBJC_WEAK = YES;
				CLANG_WARN_BLOCK_CAPTURE_AUTORELEASING = YES;
				CLANG_WARN_BOOL_CONVERSION = YES;
				CLANG_WARN_COMMA = YES;
				CLANG_WARN_CONSTANT_CONVERSION = YES;
				CLANG_WARN_DEPRECATED_OBJC_IMPLEMENTATIONS = YES;
				CLANG_WARN_DIRECT_OBJC_ISA_USAGE = YES_ERROR;
				CLANG_WARN_DOCUMENTATION_COMMENTS = YES;
				CLANG_WARN_EMPTY_BODY = YES;
				CLANG_WARN_ENUM_CONVERSION = YES;
				CLANG_WARN_INFINITE_RECURSION = YES;
				CLANG_WARN_INT_CONVERSION = YES;
				CLANG_WARN_NON_LITERAL_NULL_CONVERSION = YES;
				CLANG_WARN_OBJC_IMPLICIT_RETAIN_SELF = YES;
				CLANG_WARN_OBJC_LITERAL_CONVERSION = YES;
				CLANG_WARN_OBJC_ROOT_CLASS = YES_ERROR;
				CLANG_WARN_QUOTED_INCLUDE_IN_FRAMEWORK_HEADER = YES;
				CLANG_WARN_RANGE_LOOP_ANALYSIS = YES;
				CLANG_WARN_STRICT_PROTOTYPES = YES;
				CLANG_WARN_SUSPICIOUS_MOVE = YES;
				CLANG_WARN_UNGUARDED_AVAILABILITY = YES_AGGRESSIVE;
				CLANG_WARN_UNREACHABLE_CODE = YES;
				CLANG_WARN__DUPLICATE_METHOD_MATCH = YES;
				COPY_PHASE_STRIP = NO;
				DEBUG_INFORMATION_FORMAT = "dwarf-with-dsym";
				ENABLE_NS_ASSERTIONS = NO;
				ENABLE_STRICT_OBJC_MSGSEND = YES;
				GCC_C_LANGUAGE_STANDARD = gnu11;
				GCC_NO_COMMON_BLOCKS = YES;
				GCC_WARN_64_TO_32_BIT_CONVERSION = YES;
				GCC_WARN_ABOUT_RETURN_TYPE = YES_ERROR;
				GCC_WARN_UNDECLARED_SELECTOR = YES;
				GCC_WARN_UNINITIALIZED_AUTOS = YES_AGGRESSIVE;
				GCC_WARN_UNUSED_FUNCTION = YES;
				GCC_WARN_UNUSED_VARIABLE = YES;
				IPHONEOS_DEPLOYMENT_TARGET = 14.5;
				MTL_ENABLE_DEBUG_INFO = NO;
				MTL_FAST_MATH = YES;
				SDKROOT = iphoneos;
				SWIFT_COMPILATION_MODE = wholemodule;
				SWIFT_OPTIMIZATION_LEVEL = "-O";
				VALIDATE_PRODUCT = YES;
			};
			name = Release;
		};
		41D2F2F027079C7B00C84EE2 /* Debug */ = {
			isa = XCBuildConfiguration;
			baseConfigurationReference = AA0C1FF154A7580A956802B1 /* Pods-PodSample.debug.xcconfig */;
			buildSettings = {
				ASSETCATALOG_COMPILER_APPICON_NAME = AppIcon;
				ASSETCATALOG_COMPILER_GLOBAL_ACCENT_COLOR_NAME = AccentColor;
				CODE_SIGN_STYLE = Automatic;
				DEVELOPMENT_ASSET_PATHS = "\"PodSample/Preview Content\"";
				DEVELOPMENT_TEAM = Z7ZLTTUKXR;
				ENABLE_PREVIEWS = YES;
				INFOPLIST_FILE = PodSample/Info.plist;
				IPHONEOS_DEPLOYMENT_TARGET = 14.0;
				LD_RUNPATH_SEARCH_PATHS = (
					"$(inherited)",
					"@executable_path/Frameworks",
				);
				PRODUCT_BUNDLE_IDENTIFIER = com.moyasar.PodSample;
				PRODUCT_NAME = "$(TARGET_NAME)";
				SWIFT_VERSION = 5.0;
				TARGETED_DEVICE_FAMILY = "1,2";
			};
			name = Debug;
		};
		41D2F2F127079C7B00C84EE2 /* Release */ = {
			isa = XCBuildConfiguration;
			baseConfigurationReference = 1D69759A17C5FA40ECBFFE21 /* Pods-PodSample.release.xcconfig */;
			buildSettings = {
				ASSETCATALOG_COMPILER_APPICON_NAME = AppIcon;
				ASSETCATALOG_COMPILER_GLOBAL_ACCENT_COLOR_NAME = AccentColor;
				CODE_SIGN_STYLE = Automatic;
				DEVELOPMENT_ASSET_PATHS = "\"PodSample/Preview Content\"";
				DEVELOPMENT_TEAM = Z7ZLTTUKXR;
				ENABLE_PREVIEWS = YES;
				INFOPLIST_FILE = PodSample/Info.plist;
				IPHONEOS_DEPLOYMENT_TARGET = 14.0;
				LD_RUNPATH_SEARCH_PATHS = (
					"$(inherited)",
					"@executable_path/Frameworks",
				);
				PRODUCT_BUNDLE_IDENTIFIER = com.moyasar.PodSample;
				PRODUCT_NAME = "$(TARGET_NAME)";
				SWIFT_VERSION = 5.0;
				TARGETED_DEVICE_FAMILY = "1,2";
			};
			name = Release;
		};
/* End XCBuildConfiguration section */

/* Begin XCConfigurationList section */
		41D2F2DB27079C7900C84EE2 /* Build configuration list for PBXProject "PodSample" */ = {
			isa = XCConfigurationList;
			buildConfigurations = (
				41D2F2ED27079C7B00C84EE2 /* Debug */,
				41D2F2EE27079C7B00C84EE2 /* Release */,
			);
			defaultConfigurationIsVisible = 0;
			defaultConfigurationName = Release;
		};
		41D2F2EF27079C7B00C84EE2 /* Build configuration list for PBXNativeTarget "PodSample" */ = {
			isa = XCConfigurationList;
			buildConfigurations = (
				41D2F2F027079C7B00C84EE2 /* Debug */,
				41D2F2F127079C7B00C84EE2 /* Release */,
			);
			defaultConfigurationIsVisible = 0;
			defaultConfigurationName = Release;
		};
/* End XCConfigurationList section */
	};
	rootObject = 41D2F2D827079C7900C84EE2 /* Project object */;
}
